
Microsoft Visual Studio Solution File, Format Version 12.00
# Visual Studio Version 16
VisualStudioVersion = 16.0.29519.181
MinimumVisualStudioVersion = 10.0.40219.1
Project("{9A19103F-16F7-4668-BE54-9A1E7A4F7556}") = "myapp.API", "myapp.API.csproj", "{A20E6843-EF2E-4BCC-B3A5-FCD51F8FECF2}"
EndProject
Global
	GlobalSection(SolutionConfigurationPlatforms) = preSolution
		Debug|Any CPU = Debug|Any CPU
		Release|Any CPU = Release|Any CPU
	EndGlobalSection
	GlobalSection(ProjectConfigurationPlatforms) = postSolution
		{A20E6843-EF2E-4BCC-B3A5-FCD51F8FECF2}.Debug|Any CPU.ActiveCfg = Debug|Any CPU
		{A20E6843-EF2E-4BCC-B3A5-FCD51F8FECF2}.Debug|Any CPU.Build.0 = Debug|Any CPU
		{A20E6843-EF2E-4BCC-B3A5-FCD51F8FECF2}.Release|Any CPU.ActiveCfg = Release|Any CPU
		{A20E6843-EF2E-4BCC-B3A5-FCD51F8FECF2}.Release|Any CPU.Build.0 = Release|Any CPU
	EndGlobalSection
	GlobalSection(SolutionProperties) = preSolution
		HideSolutionNode = FALSE
	EndGlobalSection
	GlobalSection(ExtensibilityGlobals) = postSolution
		SolutionGuid = {9FF735E9-3496-404F-B928-5A2A81DD9D20}
	EndGlobalSection
EndGlobal
